# This file is autogenerated, do not edit; changes may be undone by the next 'dep ensure'.


[[projects]]
  branch = "master"
  name = "github.com/BurntSushi/xgb"
  packages = [
    ".",
    "xinerama",
    "xproto"
  ]
  revision = "27f122750802c950b2c869a5b63dafcf590ced95"

[[projects]]
  branch = "master"
  name = "github.com/alecthomas/template"
  packages = [
    ".",
    "parse"
  ]
  revision = "a0175ee3bccc567396460bf5acd36800cb10c49c"

[[projects]]
  branch = "master"
  name = "github.com/alecthomas/units"
  packages = ["."]
  revision = "2efee857e7cfd4f3d0138cc3cbb1b4966962b93a"

[[projects]]
  branch = "master"
  name = "github.com/kbinani/screenshot"
  packages = [
    ".",
    "internal/util",
    "internal/xwindow"
  ]
  revision = "7542816b2bee98e3f516a0db33c5091d2be3d9d7"

[[projects]]
  branch = "master"
  name = "github.com/lxn/win"
  packages = ["."]
  revision = "aaf8f59e531a7f484381fbc5453def0cffe9c526"

[[projects]]
  name = "gopkg.in/alecthomas/kingpin.v2"
  packages = ["."]
  revision = "947dcec5ba9c011838740e680966fd7087a71d0d"
  version = "v2.2.6"

[solve-meta]
  analyzer-name = "dep"
  analyzer-version = 1
  inputs-digest = "75df726d32d440545f2230520c58ec24539f930f28b1addd5c41b730be43c28f"
  solver-name = "gps-cdcl"
  solver-version = 1
